
Microsoft Visual Studio Solution File, Format Version 12.00
# Visual Studio 15
VisualStudioVersion = 15.0.27130.2036
MinimumVisualStudioVersion = 10.0.40219.1
Project("{FAE04EC0-301F-11D3-BF4B-00C04F79EFBC}") = "MeetingPlanner", "MeetingPlanner\MeetingPlanner.csproj", "{7E4922B1-EF06-4E0A-955B-92D53C759D64}"
EndProject
Global
	GlobalSection(SolutionConfigurationPlatforms) = preSolution
		Debug|Any CPU = Debug|Any CPU
		Release|Any CPU = Release|Any CPU
	EndGlobalSection
	GlobalSection(ProjectConfigurationPlatforms) = postSolution
		{7E4922B1-EF06-4E0A-955B-92D53C759D64}.Debug|Any CPU.ActiveCfg = Debug|Any CPU
		{7E4922B1-EF06-4E0A-955B-92D53C759D64}.Debug|Any CPU.Build.0 = Debug|Any CPU
		{7E4922B1-EF06-4E0A-955B-92D53C759D64}.Release|Any CPU.ActiveCfg = Release|Any CPU
		{7E4922B1-EF06-4E0A-955B-92D53C759D64}.Release|Any CPU.Build.0 = Release|Any CPU
	EndGlobalSection
	GlobalSection(SolutionProperties) = preSolution
		HideSolutionNode = FALSE
	EndGlobalSection
	GlobalSection(ExtensibilityGlobals) = postSolution
		SolutionGuid = {78E0B3BA-4107-4FEC-9969-FA4B450BA3BC}
	EndGlobalSection
EndGlobal
